# This file was autogenerated by Stack.
# You should not edit this file by hand.
# For more information, please see the documentation at:
#   https://docs.haskellstack.org/en/stable/lock_files

packages:
- completed:
    hackage: c2hs-extra-0.1.0.1@sha256:d1a3395cdad371c97351e2548676b054ed32d85a4472ec2e5bcc92c2450d8e17,901
    pantry-tree:
      size: 221
      sha256: e85c0360e9fca644ba825de5a35af7ed2452a5784ea2ccc2b91ba363f5dec1b7
  original:
    hackage: c2hs-extra-0.1.0.1@sha256:d1a3395cdad371c97351e2548676b054ed32d85a4472ec2e5bcc92c2450d8e17,901
- completed:
    hackage: json-0.10@sha256:d9fc6b07ce92b8894825a17d2cf14799856767eb30c8bf55962baa579207d799,3210
    pantry-tree:
      size: 3190
      sha256: 5654f66b7cd8bf087ac040a9b0a83eb064219eab32230f61a3adeddfdbb4d4cd
  original:
    hackage: json-0.10@sha256:d9fc6b07ce92b8894825a17d2cf14799856767eb30c8bf55962baa579207d799,3210
- completed:
    name: couchbase-simple
    version: 0.1.1.0
    git: https://github.com/pherk/couchbase-simple.git
    pantry-tree:
      size: 3427
      sha256: cebd0b67ccea120afd23f472180f4d7ea720a8de402e2c3b074f11f92e18c68a
    commit: c12fdfc77c0c86e08033bd2d4b8f89743169c6ea
  original:
    git: https://github.com/pherk/couchbase-simple.git
    commit: c12fdfc77c0c86e08033bd2d4b8f89743169c6ea
- completed:
    hackage: servant-xml-1.0.1.4@sha256:6c9f2986ac42e72fe24b794c660763a1966a18d696b34cd4f4ed15165edd4aa0,851
    pantry-tree:
      size: 267
      sha256: 47e05cc18571655471dfd75ce63154fd843a2e639890b5768c6454b12a6201c7
  original:
    hackage: servant-xml-1.0.1.4@sha256:6c9f2986ac42e72fe24b794c660763a1966a18d696b34cd4f4ed15165edd4aa0,851
- completed:
    hackage: xmlbf-0.6.1@sha256:57867fcb39e0514d17b3328ff5de8d241a18482fc89bb742d9ed820a6a2a5187,1540
    pantry-tree:
      size: 313
      sha256: 4bd60a363c4aaa6aee8d52efedc5be07065f01fd1e989da022c7cecc41d98651
  original:
    hackage: xmlbf-0.6.1@sha256:57867fcb39e0514d17b3328ff5de8d241a18482fc89bb742d9ed820a6a2a5187,1540
- completed:
    hackage: xmlbf-xeno-0.2@sha256:39f70fced6052524c290cf595f114661c721452e65fc3e0953a44e7682a6a6b0,950
    pantry-tree:
      size: 365
      sha256: b324ea5ef458ae55abf4a80f9800e068e8c1916107bd7195d3931f4865ad8819
  original:
    hackage: xmlbf-xeno-0.2@sha256:39f70fced6052524c290cf595f114661c721452e65fc3e0953a44e7682a6a6b0,950
- completed:
    hackage: iso8601-duration-0.1.1.0@sha256:0e9e7531e71b693c20115198186a0280aa3631dc29da226e84e55f0984bec1af,2210
    pantry-tree:
      size: 569
      sha256: 183be7ad7fded29b7dbf94bd57a58755abeab8f1d1d237ac47f95543a84a8ae7
  original:
    hackage: iso8601-duration-0.1.1.0@sha256:0e9e7531e71b693c20115198186a0280aa3631dc29da226e84e55f0984bec1af,2210
snapshots:
- completed:
    size: 567241
    url: https://raw.githubusercontent.com/commercialhaskell/stackage-snapshots/master/lts/17/10.yaml
    sha256: 321b3b9f0c7f76994b39e0dabafdc76478274b4ff74cc5e43d410897a335ad3b
  original:
    url: https://raw.githubusercontent.com/commercialhaskell/stackage-snapshots/master/lts/17/10.yaml
