# This file was autogenerated by Stack.
# You should not edit this file by hand.
# For more information, please see the documentation at:
#   https://docs.haskellstack.org/en/stable/lock_files

packages:
- completed:
    hackage: json-0.10@sha256:d9fc6b07ce92b8894825a17d2cf14799856767eb30c8bf55962baa579207d799,3210
    pantry-tree:
      sha256: 5654f66b7cd8bf087ac040a9b0a83eb064219eab32230f61a3adeddfdbb4d4cd
      size: 3190
  original:
    hackage: json-0.10@sha256:d9fc6b07ce92b8894825a17d2cf14799856767eb30c8bf55962baa579207d799,3210
- completed:
    hackage: servant-xml-1.0.1.4@sha256:6c9f2986ac42e72fe24b794c660763a1966a18d696b34cd4f4ed15165edd4aa0,851
    pantry-tree:
      sha256: 47e05cc18571655471dfd75ce63154fd843a2e639890b5768c6454b12a6201c7
      size: 267
  original:
    hackage: servant-xml-1.0.1.4@sha256:6c9f2986ac42e72fe24b794c660763a1966a18d696b34cd4f4ed15165edd4aa0,851
- completed:
    hackage: xmlbf-0.6.1@sha256:57867fcb39e0514d17b3328ff5de8d241a18482fc89bb742d9ed820a6a2a5187,1540
    pantry-tree:
      sha256: 4bd60a363c4aaa6aee8d52efedc5be07065f01fd1e989da022c7cecc41d98651
      size: 313
  original:
    hackage: xmlbf-0.6.1@sha256:57867fcb39e0514d17b3328ff5de8d241a18482fc89bb742d9ed820a6a2a5187,1540
- completed:
    hackage: xmlbf-xeno-0.2@sha256:39f70fced6052524c290cf595f114661c721452e65fc3e0953a44e7682a6a6b0,950
    pantry-tree:
      sha256: b324ea5ef458ae55abf4a80f9800e068e8c1916107bd7195d3931f4865ad8819
      size: 365
  original:
    hackage: xmlbf-xeno-0.2@sha256:39f70fced6052524c290cf595f114661c721452e65fc3e0953a44e7682a6a6b0,950
- completed:
    hackage: iso8601-duration-0.1.1.0@sha256:0e9e7531e71b693c20115198186a0280aa3631dc29da226e84e55f0984bec1af,2210
    pantry-tree:
      sha256: 183be7ad7fded29b7dbf94bd57a58755abeab8f1d1d237ac47f95543a84a8ae7
      size: 569
  original:
    hackage: iso8601-duration-0.1.1.0@sha256:0e9e7531e71b693c20115198186a0280aa3631dc29da226e84e55f0984bec1af,2210
snapshots:
- completed:
    sha256: 428ec8d5ce932190d3cbe266b9eb3c175cd81e984babf876b64019e2cbe4ea68
    size: 590100
    url: https://raw.githubusercontent.com/commercialhaskell/stackage-snapshots/master/lts/18/28.yaml
  original:
    url: https://raw.githubusercontent.com/commercialhaskell/stackage-snapshots/master/lts/18/28.yaml
